
Microsoft Visual Studio Solution File, Format Version 12.00
# Visual Studio Version 17
VisualStudioVersion = 17.3.32811.315
MinimumVisualStudioVersion = 10.0.40219.1
Project("{FAE04EC0-301F-11D3-BF4B-00C04F79EFBC}") = "ArreglosMultidimensionales-G2-2024-II", "ArreglosMultidimensionales-G2-2024-II.csproj", "{79E76117-F434-47EF-9E47-BA8E917F086D}"
EndProject
Global
	GlobalSection(SolutionConfigurationPlatforms) = preSolution
		Debug|Any CPU = Debug|Any CPU
		Release|Any CPU = Release|Any CPU
	EndGlobalSection
	GlobalSection(ProjectConfigurationPlatforms) = postSolution
		{79E76117-F434-47EF-9E47-BA8E917F086D}.Debug|Any CPU.ActiveCfg = Debug|Any CPU
		{79E76117-F434-47EF-9E47-BA8E917F086D}.Debug|Any CPU.Build.0 = Debug|Any CPU
		{79E76117-F434-47EF-9E47-BA8E917F086D}.Release|Any CPU.ActiveCfg = Release|Any CPU
		{79E76117-F434-47EF-9E47-BA8E917F086D}.Release|Any CPU.Build.0 = Release|Any CPU
	EndGlobalSection
	GlobalSection(SolutionProperties) = preSolution
		HideSolutionNode = FALSE
	EndGlobalSection
	GlobalSection(ExtensibilityGlobals) = postSolution
		SolutionGuid = {442167FD-BDB4-4B88-94F9-5D8AF6B602F0}
	EndGlobalSection
EndGlobal
